
Microsoft Visual Studio Solution File, Format Version 12.00
# Visual Studio Version 16
VisualStudioVersion = 16.0.30011.22
MinimumVisualStudioVersion = 10.0.40219.1
Project("{FAE04EC0-301F-11D3-BF4B-00C04F79EFBC}") = "CompGraph_lab2", "CompGraph_lab2.csproj", "{C1B51689-419D-41D7-8F31-BF5B1E63B230}"
EndProject
Global
	GlobalSection(SolutionConfigurationPlatforms) = preSolution
		Debug|Any CPU = Debug|Any CPU
		Release|Any CPU = Release|Any CPU
	EndGlobalSection
	GlobalSection(ProjectConfigurationPlatforms) = postSolution
		{C1B51689-419D-41D7-8F31-BF5B1E63B230}.Debug|Any CPU.ActiveCfg = Debug|Any CPU
		{C1B51689-419D-41D7-8F31-BF5B1E63B230}.Debug|Any CPU.Build.0 = Debug|Any CPU
		{C1B51689-419D-41D7-8F31-BF5B1E63B230}.Release|Any CPU.ActiveCfg = Release|Any CPU
		{C1B51689-419D-41D7-8F31-BF5B1E63B230}.Release|Any CPU.Build.0 = Release|Any CPU
	EndGlobalSection
	GlobalSection(SolutionProperties) = preSolution
		HideSolutionNode = FALSE
	EndGlobalSection
	GlobalSection(ExtensibilityGlobals) = postSolution
		SolutionGuid = {9A090CDD-1091-48E8-9250-FBB546351E07}
	EndGlobalSection
EndGlobal
