<?xml version="1.0" encoding="utf-8"?>
<Project ToolsVersion="4.0" xmlns="http://schemas.microsoft.com/developer/msbuild/2003">
  <ItemGroup>
    <None Include="packages.config" />
  </ItemGroup>
  <ItemGroup>
    <Filter Include="SourceFiles">
      <UniqueIdentifier>{1d243ac8-12af-43fd-aee0-8b0611b05dd6}</UniqueIdentifier>
    </Filter>
    <Filter Include="Tests">
      <UniqueIdentifier>{42f57e02-beaf-42c6-8514-040c7e0e931f}</UniqueIdentifier>
    </Filter>
  </ItemGroup>
  <ItemGroup>
    <ClCompile Include="..\..\SourceFiles\Compiler.cpp">
      <Filter>SourceFiles</Filter>
    </ClCompile>
    <ClCompile Include="..\..\SourceFiles\Function.cpp">
      <Filter>SourceFiles</Filter>
    </ClCompile>
    <ClCompile Include="..\..\SourceFiles\Postfix.cpp">
      <Filter>SourceFiles</Filter>
    </ClCompile>
    <ClCompile Include="..\..\SourceFiles\Table.cpp">
      <Filter>SourceFiles</Filter>
    </ClCompile>
    <ClCompile Include="..\..\SourceFiles\TableHash.cpp">
      <Filter>SourceFiles</Filter>
    </ClCompile>
    <ClCompile Include="..\..\SourceFiles\Var.cpp">
      <Filter>SourceFiles</Filter>
    </ClCompile>
    <ClCompile Include="..\..\SourceFiles\Visual.cpp">
      <Filter>SourceFiles</Filter>
    </ClCompile>
    <ClCompile Include="..\..\Tests\Test_Compiler.cpp">
      <Filter>Tests</Filter>
    </ClCompile>
    <ClCompile Include="..\..\Tests\Test_Var.cpp">
      <Filter>Tests</Filter>
    </ClCompile>
    <ClCompile Include="..\..\Tests\Test_Postfix.cpp">
      <Filter>Tests</Filter>
    </ClCompile>
  </ItemGroup>
</Project>